// !$*UTF8*$!
{
	archiveVersion = 1;
	classes = {
	};
	objectVersion = 56;
	objects = {

/* Begin PBXBuildFile section */
		3F68380429BA42650007B77E /* RickyMortyService.swift in Sources */ = {isa = PBXBuildFile; fileRef = 3F68380329BA42650007B77E /* RickyMortyService.swift */; };
		3F68380629BA428B0007B77E /* RickyMortyModel.swift in Sources */ = {isa = PBXBuildFile; fileRef = 3F68380529BA428B0007B77E /* RickyMortyModel.swift */; };
		3FEAC35D29BB77C00054DCF1 /* RickyMortyTableViewCell.swift in Sources */ = {isa = PBXBuildFile; fileRef = 3FEAC35C29BB77C00054DCF1 /* RickyMortyTableViewCell.swift */; };
		3FEAC36129BB79200054DCF1 /* viewModel.swift in Sources */ = {isa = PBXBuildFile; fileRef = 3FEAC36029BB79200054DCF1 /* viewModel.swift */; };
		3FEF54A929B924AD007640C1 /* AppDelegate.swift in Sources */ = {isa = PBXBuildFile; fileRef = 3FEF54A829B924AD007640C1 /* AppDelegate.swift */; };
		3FEF54AB29B924AD007640C1 /* SceneDelegate.swift in Sources */ = {isa = PBXBuildFile; fileRef = 3FEF54AA29B924AD007640C1 /* SceneDelegate.swift */; };
		3FEF54AD29B924AD007640C1 /* ViewController.swift in Sources */ = {isa = PBXBuildFile; fileRef = 3FEF54AC29B924AD007640C1 /* ViewController.swift */; };
		3FEF54B029B924AD007640C1 /* Main.storyboard in Resources */ = {isa = PBXBuildFile; fileRef = 3FEF54AE29B924AD007640C1 /* Main.storyboard */; };
		3FEF54B229B924AE007640C1 /* Assets.xcassets in Resources */ = {isa = PBXBuildFile; fileRef = 3FEF54B129B924AE007640C1 /* Assets.xcassets */; };
		3FEF54B529B924AE007640C1 /* LaunchScreen.storyboard in Resources */ = {isa = PBXBuildFile; fileRef = 3FEF54B329B924AE007640C1 /* LaunchScreen.storyboard */; };
		3FEF54C529B9267C007640C1 /* RickyMortyVC.swift in Sources */ = {isa = PBXBuildFile; fileRef = 3FEF54C429B9267C007640C1 /* RickyMortyVC.swift */; };
		469C4D6E24FA04B1DB35BF3E /* Pods_mvvmExample.framework in Frameworks */ = {isa = PBXBuildFile; fileRef = BC60609A8B52C9FFEDF23A50 /* Pods_mvvmExample.framework */; };
/* End PBXBuildFile section */

/* Begin PBXFileReference section */
		302896A58130DF17450B6310 /* Pods-mvvmExample.debug.xcconfig */ = {isa = PBXFileReference; includeInIndex = 1; lastKnownFileType = text.xcconfig; name = "Pods-mvvmExample.debug.xcconfig"; path = "Target Support Files/Pods-mvvmExample/Pods-mvvmExample.debug.xcconfig"; sourceTree = "<group>"; };
		3F68380329BA42650007B77E /* RickyMortyService.swift */ = {isa = PBXFileReference; lastKnownFileType = sourcecode.swift; path = RickyMortyService.swift; sourceTree = "<group>"; };
		3F68380529BA428B0007B77E /* RickyMortyModel.swift */ = {isa = PBXFileReference; lastKnownFileType = sourcecode.swift; path = RickyMortyModel.swift; sourceTree = "<group>"; };
		3FEAC35C29BB77C00054DCF1 /* RickyMortyTableViewCell.swift */ = {isa = PBXFileReference; lastKnownFileType = sourcecode.swift; path = RickyMortyTableViewCell.swift; sourceTree = "<group>"; };
		3FEAC36029BB79200054DCF1 /* viewModel.swift */ = {isa = PBXFileReference; lastKnownFileType = sourcecode.swift; path = viewModel.swift; sourceTree = "<group>"; };
		3FEF54A529B924AD007640C1 /* mvvmExample.app */ = {isa = PBXFileReference; explicitFileType = wrapper.application; includeInIndex = 0; path = mvvmExample.app; sourceTree = BUILT_PRODUCTS_DIR; };
		3FEF54A829B924AD007640C1 /* AppDelegate.swift */ = {isa = PBXFileReference; lastKnownFileType = sourcecode.swift; path = AppDelegate.swift; sourceTree = "<group>"; };
		3FEF54AA29B924AD007640C1 /* SceneDelegate.swift */ = {isa = PBXFileReference; lastKnownFileType = sourcecode.swift; path = SceneDelegate.swift; sourceTree = "<group>"; };
		3FEF54AC29B924AD007640C1 /* ViewController.swift */ = {isa = PBXFileReference; lastKnownFileType = sourcecode.swift; path = ViewController.swift; sourceTree = "<group>"; };
		3FEF54AF29B924AD007640C1 /* Base */ = {isa = PBXFileReference; lastKnownFileType = file.storyboard; name = Base; path = Base.lproj/Main.storyboard; sourceTree = "<group>"; };
		3FEF54B129B924AE007640C1 /* Assets.xcassets */ = {isa = PBXFileReference; lastKnownFileType = folder.assetcatalog; path = Assets.xcassets; sourceTree = "<group>"; };
		3FEF54B429B924AE007640C1 /* Base */ = {isa = PBXFileReference; lastKnownFileType = file.storyboard; name = Base; path = Base.lproj/LaunchScreen.storyboard; sourceTree = "<group>"; };
		3FEF54B629B924AE007640C1 /* Info.plist */ = {isa = PBXFileReference; lastKnownFileType = text.plist.xml; path = Info.plist; sourceTree = "<group>"; };
		3FEF54C429B9267C007640C1 /* RickyMortyVC.swift */ = {isa = PBXFileReference; lastKnownFileType = sourcecode.swift; name = RickyMortyVC.swift; path = mvvmExample/Features/RickyMorty/View/RickyMortyVC.swift; sourceTree = SOURCE_ROOT; };
		BC60609A8B52C9FFEDF23A50 /* Pods_mvvmExample.framework */ = {isa = PBXFileReference; explicitFileType = wrapper.framework; includeInIndex = 0; path = Pods_mvvmExample.framework; sourceTree = BUILT_PRODUCTS_DIR; };
		DA6A41DB16251EC575663FB9 /* Pods-mvvmExample.release.xcconfig */ = {isa = PBXFileReference; includeInIndex = 1; lastKnownFileType = text.xcconfig; name = "Pods-mvvmExample.release.xcconfig"; path = "Target Support Files/Pods-mvvmExample/Pods-mvvmExample.release.xcconfig"; sourceTree = "<group>"; };
/* End PBXFileReference section */

/* Begin PBXFrameworksBuildPhase section */
		3FEF54A229B924AD007640C1 /* Frameworks */ = {
			isa = PBXFrameworksBuildPhase;
			buildActionMask = 2147483647;
			files = (
				469C4D6E24FA04B1DB35BF3E /* Pods_mvvmExample.framework in Frameworks */,
			);
			runOnlyForDeploymentPostprocessing = 0;
		};
/* End PBXFrameworksBuildPhase section */

/* Begin PBXGroup section */
		1A3D200D7F216C8581039468 /* Frameworks */ = {
			isa = PBXGroup;
			children = (
				BC60609A8B52C9FFEDF23A50 /* Pods_mvvmExample.framework */,
			);
			name = Frameworks;
			sourceTree = "<group>";
		};
		3FEAC35B29BB777A0054DCF1 /* TableViewCell */ = {
			isa = PBXGroup;
			children = (
				3FEAC35C29BB77C00054DCF1 /* RickyMortyTableViewCell.swift */,
			);
			path = TableViewCell;
			sourceTree = "<group>";
		};
		3FEF549C29B924AD007640C1 = {
			isa = PBXGroup;
			children = (
				3FEF54A729B924AD007640C1 /* mvvmExample */,
				3FEF54A629B924AD007640C1 /* Products */,
				C1B5E369F9CD05C81DF9DEFC /* Pods */,
				1A3D200D7F216C8581039468 /* Frameworks */,
			);
			sourceTree = "<group>";
		};
		3FEF54A629B924AD007640C1 /* Products */ = {
			isa = PBXGroup;
			children = (
				3FEF54A529B924AD007640C1 /* mvvmExample.app */,
			);
			name = Products;
			sourceTree = "<group>";
		};
		3FEF54A729B924AD007640C1 /* mvvmExample */ = {
			isa = PBXGroup;
			children = (
				3FEF54BE29B9258C007640C1 /* Features */,
				3FEF54BD29B924D3007640C1 /* Core */,
				3FEF54B329B924AE007640C1 /* LaunchScreen.storyboard */,
				3FEF54B629B924AE007640C1 /* Info.plist */,
			);
			path = mvvmExample;
			sourceTree = "<group>";
		};
		3FEF54BD29B924D3007640C1 /* Core */ = {
			isa = PBXGroup;
			children = (
				3FEF54A829B924AD007640C1 /* AppDelegate.swift */,
				3FEF54AC29B924AD007640C1 /* ViewController.swift */,
				3FEF54AA29B924AD007640C1 /* SceneDelegate.swift */,
				3FEF54AE29B924AD007640C1 /* Main.storyboard */,
				3FEF54B129B924AE007640C1 /* Assets.xcassets */,
			);
			path = Core;
			sourceTree = "<group>";
		};
		3FEF54BE29B9258C007640C1 /* Features */ = {
			isa = PBXGroup;
			children = (
				3FEF54BF29B925B6007640C1 /* RickyMorty */,
			);
			path = Features;
			sourceTree = "<group>";
		};
		3FEF54BF29B925B6007640C1 /* RickyMorty */ = {
			isa = PBXGroup;
			children = (
				3FEF54C329B9262E007640C1 /* Service */,
				3FEF54C229B92624007640C1 /* View */,
				3FEF54C129B92606007640C1 /* ViewModel */,
				3FEF54C029B925FC007640C1 /* Model */,
			);
			path = RickyMorty;
			sourceTree = "<group>";
		};
		3FEF54C029B925FC007640C1 /* Model */ = {
			isa = PBXGroup;
			children = (
				3F68380529BA428B0007B77E /* RickyMortyModel.swift */,
			);
			path = Model;
			sourceTree = "<group>";
		};
		3FEF54C129B92606007640C1 /* ViewModel */ = {
			isa = PBXGroup;
			children = (
				3FEAC36029BB79200054DCF1 /* viewModel.swift */,
			);
			path = ViewModel;
			sourceTree = "<group>";
		};
		3FEF54C229B92624007640C1 /* View */ = {
			isa = PBXGroup;
			children = (
				3FEAC35B29BB777A0054DCF1 /* TableViewCell */,
				3FEF54C429B9267C007640C1 /* RickyMortyVC.swift */,
			);
			path = View;
			sourceTree = "<group>";
		};
		3FEF54C329B9262E007640C1 /* Service */ = {
			isa = PBXGroup;
			children = (
				3F68380329BA42650007B77E /* RickyMortyService.swift */,
			);
			path = Service;
			sourceTree = "<group>";
		};
		C1B5E369F9CD05C81DF9DEFC /* Pods */ = {
			isa = PBXGroup;
			children = (
				302896A58130DF17450B6310 /* Pods-mvvmExample.debug.xcconfig */,
				DA6A41DB16251EC575663FB9 /* Pods-mvvmExample.release.xcconfig */,
			);
			path = Pods;
			sourceTree = "<group>";
		};
/* End PBXGroup section */

/* Begin PBXNativeTarget section */
		3FEF54A429B924AD007640C1 /* mvvmExample */ = {
			isa = PBXNativeTarget;
			buildConfigurationList = 3FEF54B929B924AE007640C1 /* Build configuration list for PBXNativeTarget "mvvmExample" */;
			buildPhases = (
				0A3C4122F9F13CD87D54C4CD /* [CP] Check Pods Manifest.lock */,
				3FEF54A129B924AD007640C1 /* Sources */,
				3FEF54A229B924AD007640C1 /* Frameworks */,
				3FEF54A329B924AD007640C1 /* Resources */,
				6F2F324A8F51AB86D22776AA /* [CP] Embed Pods Frameworks */,
			);
			buildRules = (
			);
			dependencies = (
			);
			name = mvvmExample;
			productName = mvvmExample;
			productReference = 3FEF54A529B924AD007640C1 /* mvvmExample.app */;
			productType = "com.apple.product-type.application";
		};
/* End PBXNativeTarget section */

/* Begin PBXProject section */
		3FEF549D29B924AD007640C1 /* Project object */ = {
			isa = PBXProject;
			attributes = {
				BuildIndependentTargetsInParallel = 1;
				LastSwiftUpdateCheck = 1410;
				LastUpgradeCheck = 1410;
				TargetAttributes = {
					3FEF54A429B924AD007640C1 = {
						CreatedOnToolsVersion = 14.1;
					};
				};
			};
			buildConfigurationList = 3FEF54A029B924AD007640C1 /* Build configuration list for PBXProject "mvvmExample" */;
			compatibilityVersion = "Xcode 14.0";
			developmentRegion = en;
			hasScannedForEncodings = 0;
			knownRegions = (
				en,
				Base,
			);
			mainGroup = 3FEF549C29B924AD007640C1;
			productRefGroup = 3FEF54A629B924AD007640C1 /* Products */;
			projectDirPath = "";
			projectRoot = "";
			targets = (
				3FEF54A429B924AD007640C1 /* mvvmExample */,
			);
		};
/* End PBXProject section */

/* Begin PBXResourcesBuildPhase section */
		3FEF54A329B924AD007640C1 /* Resources */ = {
			isa = PBXResourcesBuildPhase;
			buildActionMask = 2147483647;
			files = (
				3FEF54B529B924AE007640C1 /* LaunchScreen.storyboard in Resources */,
				3FEF54B229B924AE007640C1 /* Assets.xcassets in Resources */,
				3FEF54B029B924AD007640C1 /* Main.storyboard in Resources */,
			);
			runOnlyForDeploymentPostprocessing = 0;
		};
/* End PBXResourcesBuildPhase section */

/* Begin PBXShellScriptBuildPhase section */
		0A3C4122F9F13CD87D54C4CD /* [CP] Check Pods Manifest.lock */ = {
			isa = PBXShellScriptBuildPhase;
			buildActionMask = 2147483647;
			files = (
			);
			inputFileListPaths = (
			);
			inputPaths = (
				"${PODS_PODFILE_DIR_PATH}/Podfile.lock",
				"${PODS_ROOT}/Manifest.lock",
			);
			name = "[CP] Check Pods Manifest.lock";
			outputFileListPaths = (
			);
			outputPaths = (
				"$(DERIVED_FILE_DIR)/Pods-mvvmExample-checkManifestLockResult.txt",
			);
			runOnlyForDeploymentPostprocessing = 0;
			shellPath = /bin/sh;
			shellScript = "diff \"${PODS_PODFILE_DIR_PATH}/Podfile.lock\" \"${PODS_ROOT}/Manifest.lock\" > /dev/null\nif [ $? != 0 ] ; then\n    # print error to STDERR\n    echo \"error: The sandbox is not in sync with the Podfile.lock. Run 'pod install' or update your CocoaPods installation.\" >&2\n    exit 1\nfi\n# This output is used by Xcode 'outputs' to avoid re-running this script phase.\necho \"SUCCESS\" > \"${SCRIPT_OUTPUT_FILE_0}\"\n";
			showEnvVarsInLog = 0;
		};
		6F2F324A8F51AB86D22776AA /* [CP] Embed Pods Frameworks */ = {
			isa = PBXShellScriptBuildPhase;
			buildActionMask = 2147483647;
			files = (
			);
			inputFileListPaths = (
				"${PODS_ROOT}/Target Support Files/Pods-mvvmExample/Pods-mvvmExample-frameworks-${CONFIGURATION}-input-files.xcfilelist",
			);
			name = "[CP] Embed Pods Frameworks";
			outputFileListPaths = (
				"${PODS_ROOT}/Target Support Files/Pods-mvvmExample/Pods-mvvmExample-frameworks-${CONFIGURATION}-output-files.xcfilelist",
			);
			runOnlyForDeploymentPostprocessing = 0;
			shellPath = /bin/sh;
			shellScript = "\"${PODS_ROOT}/Target Support Files/Pods-mvvmExample/Pods-mvvmExample-frameworks.sh\"\n";
			showEnvVarsInLog = 0;
		};
/* End PBXShellScriptBuildPhase section */

/* Begin PBXSourcesBuildPhase section */
		3FEF54A129B924AD007640C1 /* Sources */ = {
			isa = PBXSourcesBuildPhase;
			buildActionMask = 2147483647;
			files = (
				3F68380629BA428B0007B77E /* RickyMortyModel.swift in Sources */,
				3FEF54AD29B924AD007640C1 /* ViewController.swift in Sources */,
				3FEF54A929B924AD007640C1 /* AppDelegate.swift in Sources */,
				3FEF54AB29B924AD007640C1 /* SceneDelegate.swift in Sources */,
				3FEF54C529B9267C007640C1 /* RickyMortyVC.swift in Sources */,
				3F68380429BA42650007B77E /* RickyMortyService.swift in Sources */,
				3FEAC36129BB79200054DCF1 /* viewModel.swift in Sources */,
				3FEAC35D29BB77C00054DCF1 /* RickyMortyTableViewCell.swift in Sources */,
			);
			runOnlyForDeploymentPostprocessing = 0;
		};
/* End PBXSourcesBuildPhase section */

/* Begin PBXVariantGroup section */
		3FEF54AE29B924AD007640C1 /* Main.storyboard */ = {
			isa = PBXVariantGroup;
			children = (
				3FEF54AF29B924AD007640C1 /* Base */,
			);
			name = Main.storyboard;
			sourceTree = "<group>";
		};
		3FEF54B329B924AE007640C1 /* LaunchScreen.storyboard */ = {
			isa = PBXVariantGroup;
			children = (
				3FEF54B429B924AE007640C1 /* Base */,
			);
			name = LaunchScreen.storyboard;
			sourceTree = "<group>";
		};
/* End PBXVariantGroup section */

/* Begin XCBuildConfiguration section */
		3FEF54B729B924AE007640C1 /* Debug */ = {
			isa = XCBuildConfiguration;
			buildSettings = {
				ALWAYS_SEARCH_USER_PATHS = NO;
				CLANG_ANALYZER_NONNULL = YES;
				CLANG_ANALYZER_NUMBER_OBJECT_CONVERSION = YES_AGGRESSIVE;
				CLANG_CXX_LANGUAGE_STANDARD = "gnu++20";
				CLANG_ENABLE_MODULES = YES;
				CLANG_ENABLE_OBJC_ARC = YES;
				CLANG_ENABLE_OBJC_WEAK = YES;
				CLANG_WARN_BLOCK_CAPTURE_AUTORELEASING = YES;
				CLANG_WARN_BOOL_CONVERSION = YES;
				CLANG_WARN_COMMA = YES;
				CLANG_WARN_CONSTANT_CONVERSION = YES;
				CLANG_WARN_DEPRECATED_OBJC_IMPLEMENTATIONS = YES;
				CLANG_WARN_DIRECT_OBJC_ISA_USAGE = YES_ERROR;
				CLANG_WARN_DOCUMENTATION_COMMENTS = YES;
				CLANG_WARN_EMPTY_BODY = YES;
				CLANG_WARN_ENUM_CONVERSION = YES;
				CLANG_WARN_INFINITE_RECURSION = YES;
				CLANG_WARN_INT_CONVERSION = YES;
				CLANG_WARN_NON_LITERAL_NULL_CONVERSION = YES;
				CLANG_WARN_OBJC_IMPLICIT_RETAIN_SELF = YES;
				CLANG_WARN_OBJC_LITERAL_CONVERSION = YES;
				CLANG_WARN_OBJC_ROOT_CLASS = YES_ERROR;
				CLANG_WARN_QUOTED_INCLUDE_IN_FRAMEWORK_HEADER = YES;
				CLANG_WARN_RANGE_LOOP_ANALYSIS = YES;
				CLANG_WARN_STRICT_PROTOTYPES = YES;
				CLANG_WARN_SUSPICIOUS_MOVE = YES;
				CLANG_WARN_UNGUARDED_AVAILABILITY = YES_AGGRESSIVE;
				CLANG_WARN_UNREACHABLE_CODE = YES;
				CLANG_WARN__DUPLICATE_METHOD_MATCH = YES;
				COPY_PHASE_STRIP = NO;
				DEBUG_INFORMATION_FORMAT = dwarf;
				ENABLE_STRICT_OBJC_MSGSEND = YES;
				ENABLE_TESTABILITY = YES;
				GCC_C_LANGUAGE_STANDARD = gnu11;
				GCC_DYNAMIC_NO_PIC = NO;
				GCC_NO_COMMON_BLOCKS = YES;
				GCC_OPTIMIZATION_LEVEL = 0;
				GCC_PREPROCESSOR_DEFINITIONS = (
					"DEBUG=1",
					"$(inherited)",
				);
				GCC_WARN_64_TO_32_BIT_CONVERSION = YES;
				GCC_WARN_ABOUT_RETURN_TYPE = YES_ERROR;
				GCC_WARN_UNDECLARED_SELECTOR = YES;
				GCC_WARN_UNINITIALIZED_AUTOS = YES_AGGRESSIVE;
				GCC_WARN_UNUSED_FUNCTION = YES;
				GCC_WARN_UNUSED_VARIABLE = YES;
				IPHONEOS_DEPLOYMENT_TARGET = 16.1;
				MTL_ENABLE_DEBUG_INFO = INCLUDE_SOURCE;
				MTL_FAST_MATH = YES;
				ONLY_ACTIVE_ARCH = YES;
				SDKROOT = iphoneos;
				SWIFT_ACTIVE_COMPILATION_CONDITIONS = DEBUG;
				SWIFT_OPTIMIZATION_LEVEL = "-Onone";
			};
			name = Debug;
		};
		3FEF54B829B924AE007640C1 /* Release */ = {
			isa = XCBuildConfiguration;
			buildSettings = {
				ALWAYS_SEARCH_USER_PATHS = NO;
				CLANG_ANALYZER_NONNULL = YES;
				CLANG_ANALYZER_NUMBER_OBJECT_CONVERSION = YES_AGGRESSIVE;
				CLANG_CXX_LANGUAGE_STANDARD = "gnu++20";
				CLANG_ENABLE_MODULES = YES;
				CLANG_ENABLE_OBJC_ARC = YES;
				CLANG_ENABLE_OBJC_WEAK = YES;
				CLANG_WARN_BLOCK_CAPTURE_AUTORELEASING = YES;
				CLANG_WARN_BOOL_CONVERSION = YES;
				CLANG_WARN_COMMA = YES;
				CLANG_WARN_CONSTANT_CONVERSION = YES;
				CLANG_WARN_DEPRECATED_OBJC_IMPLEMENTATIONS = YES;
				CLANG_WARN_DIRECT_OBJC_ISA_USAGE = YES_ERROR;
				CLANG_WARN_DOCUMENTATION_COMMENTS = YES;
				CLANG_WARN_EMPTY_BODY = YES;
				CLANG_WARN_ENUM_CONVERSION = YES;
				CLANG_WARN_INFINITE_RECURSION = YES;
				CLANG_WARN_INT_CONVERSION = YES;
				CLANG_WARN_NON_LITERAL_NULL_CONVERSION = YES;
				CLANG_WARN_OBJC_IMPLICIT_RETAIN_SELF = YES;
				CLANG_WARN_OBJC_LITERAL_CONVERSION = YES;
				CLANG_WARN_OBJC_ROOT_CLASS = YES_ERROR;
				CLANG_WARN_QUOTED_INCLUDE_IN_FRAMEWORK_HEADER = YES;
				CLANG_WARN_RANGE_LOOP_ANALYSIS = YES;
				CLANG_WARN_STRICT_PROTOTYPES = YES;
				CLANG_WARN_SUSPICIOUS_MOVE = YES;
				CLANG_WARN_UNGUARDED_AVAILABILITY = YES_AGGRESSIVE;
				CLANG_WARN_UNREACHABLE_CODE = YES;
				CLANG_WARN__DUPLICATE_METHOD_MATCH = YES;
				COPY_PHASE_STRIP = NO;
				DEBUG_INFORMATION_FORMAT = "dwarf-with-dsym";
				ENABLE_NS_ASSERTIONS = NO;
				ENABLE_STRICT_OBJC_MSGSEND = YES;
				GCC_C_LANGUAGE_STANDARD = gnu11;
				GCC_NO_COMMON_BLOCKS = YES;
				GCC_WARN_64_TO_32_BIT_CONVERSION = YES;
				GCC_WARN_ABOUT_RETURN_TYPE = YES_ERROR;
				GCC_WARN_UNDECLARED_SELECTOR = YES;
				GCC_WARN_UNINITIALIZED_AUTOS = YES_AGGRESSIVE;
				GCC_WARN_UNUSED_FUNCTION = YES;
				GCC_WARN_UNUSED_VARIABLE = YES;
				IPHONEOS_DEPLOYMENT_TARGET = 16.1;
				MTL_ENABLE_DEBUG_INFO = NO;
				MTL_FAST_MATH = YES;
				SDKROOT = iphoneos;
				SWIFT_COMPILATION_MODE = wholemodule;
				SWIFT_OPTIMIZATION_LEVEL = "-O";
				VALIDATE_PRODUCT = YES;
			};
			name = Release;
		};
		3FEF54BA29B924AE007640C1 /* Debug */ = {
			isa = XCBuildConfiguration;
			baseConfigurationReference = 302896A58130DF17450B6310 /* Pods-mvvmExample.debug.xcconfig */;
			buildSettings = {
				ASSETCATALOG_COMPILER_APPICON_NAME = AppIcon;
				ASSETCATALOG_COMPILER_GLOBAL_ACCENT_COLOR_NAME = AccentColor;
				CODE_SIGN_STYLE = Automatic;
				CURRENT_PROJECT_VERSION = 1;
				GENERATE_INFOPLIST_FILE = YES;
				INFOPLIST_FILE = mvvmExample/Info.plist;
				INFOPLIST_KEY_UIApplicationSupportsIndirectInputEvents = YES;
				INFOPLIST_KEY_UILaunchStoryboardName = LaunchScreen;
				INFOPLIST_KEY_UIMainStoryboardFile = Main;
				INFOPLIST_KEY_UISupportedInterfaceOrientations_iPad = "UIInterfaceOrientationPortrait UIInterfaceOrientationPortraitUpsideDown UIInterfaceOrientationLandscapeLeft UIInterfaceOrientationLandscapeRight";
				INFOPLIST_KEY_UISupportedInterfaceOrientations_iPhone = "UIInterfaceOrientationPortrait UIInterfaceOrientationLandscapeLeft UIInterfaceOrientationLandscapeRight";
				LD_RUNPATH_SEARCH_PATHS = (
					"$(inherited)",
					"@executable_path/Frameworks",
				);
				MARKETING_VERSION = 1.0;
				PRODUCT_BUNDLE_IDENTIFIER = com.dundar.mvvmExample;
				PRODUCT_NAME = "$(TARGET_NAME)";
				SWIFT_EMIT_LOC_STRINGS = YES;
				SWIFT_VERSION = 5.0;
				TARGETED_DEVICE_FAMILY = "1,2";
			};
			name = Debug;
		};
		3FEF54BB29B924AE007640C1 /* Release */ = {
			isa = XCBuildConfiguration;
			baseConfigurationReference = DA6A41DB16251EC575663FB9 /* Pods-mvvmExample.release.xcconfig */;
			buildSettings = {
				ASSETCATALOG_COMPILER_APPICON_NAME = AppIcon;
				ASSETCATALOG_COMPILER_GLOBAL_ACCENT_COLOR_NAME = AccentColor;
				CODE_SIGN_STYLE = Automatic;
				CURRENT_PROJECT_VERSION = 1;
				GENERATE_INFOPLIST_FILE = YES;
				INFOPLIST_FILE = mvvmExample/Info.plist;
				INFOPLIST_KEY_UIApplicationSupportsIndirectInputEvents = YES;
				INFOPLIST_KEY_UILaunchStoryboardName = LaunchScreen;
				INFOPLIST_KEY_UIMainStoryboardFile = Main;
				INFOPLIST_KEY_UISupportedInterfaceOrientations_iPad = "UIInterfaceOrientationPortrait UIInterfaceOrientationPortraitUpsideDown UIInterfaceOrientationLandscapeLeft UIInterfaceOrientationLandscapeRight";
				INFOPLIST_KEY_UISupportedInterfaceOrientations_iPhone = "UIInterfaceOrientationPortrait UIInterfaceOrientationLandscapeLeft UIInterfaceOrientationLandscapeRight";
				LD_RUNPATH_SEARCH_PATHS = (
					"$(inherited)",
					"@executable_path/Frameworks",
				);
				MARKETING_VERSION = 1.0;
				PRODUCT_BUNDLE_IDENTIFIER = com.dundar.mvvmExample;
				PRODUCT_NAME = "$(TARGET_NAME)";
				SWIFT_EMIT_LOC_STRINGS = YES;
				SWIFT_VERSION = 5.0;
				TARGETED_DEVICE_FAMILY = "1,2";
			};
			name = Release;
		};
/* End XCBuildConfiguration section */

/* Begin XCConfigurationList section */
		3FEF54A029B924AD007640C1 /* Build configuration list for PBXProject "mvvmExample" */ = {
			isa = XCConfigurationList;
			buildConfigurations = (
				3FEF54B729B924AE007640C1 /* Debug */,
				3FEF54B829B924AE007640C1 /* Release */,
			);
			defaultConfigurationIsVisible = 0;
			defaultConfigurationName = Release;
		};
		3FEF54B929B924AE007640C1 /* Build configuration list for PBXNativeTarget "mvvmExample" */ = {
			isa = XCConfigurationList;
			buildConfigurations = (
				3FEF54BA29B924AE007640C1 /* Debug */,
				3FEF54BB29B924AE007640C1 /* Release */,
			);
			defaultConfigurationIsVisible = 0;
			defaultConfigurationName = Release;
		};
/* End XCConfigurationList section */
	};
	rootObject = 3FEF549D29B924AD007640C1 /* Project object */;
}
